{
    "version": 3,
    "terraform_version": "0.11.14",
    "serial": 4,
    "lineage": "a7ac2042-6d3b-b69d-9899-ac76efc787f0",
    "modules": [
        {
            "path": [
                "root"
            ],
            "outputs": {},
            "resources": {
                "aws_security_group.my-rds-sg": {
                    "type": "aws_security_group",
                    "depends_on": [],
                    "primary": {
                        "id": "sg-0321a5548af18970c",
                        "attributes": {
                            "arn": "arn:aws:ec2:us-east-1:137959540993:security-group/sg-0321a5548af18970c",
                            "description": "Managed by Terraform",
                            "egress.#": "1",
                            "egress.482069346.cidr_blocks.#": "1",
                            "egress.482069346.cidr_blocks.0": "0.0.0.0/0",
                            "egress.482069346.description": "",
                            "egress.482069346.from_port": "0",
                            "egress.482069346.ipv6_cidr_blocks.#": "0",
                            "egress.482069346.prefix_list_ids.#": "0",
                            "egress.482069346.protocol": "-1",
                            "egress.482069346.security_groups.#": "0",
                            "egress.482069346.self": "false",
                            "egress.482069346.to_port": "0",
                            "id": "sg-0321a5548af18970c",
                            "ingress.#": "1",
                            "ingress.761371496.cidr_blocks.#": "1",
                            "ingress.761371496.cidr_blocks.0": "0.0.0.0/0",
                            "ingress.761371496.description": "",
                            "ingress.761371496.from_port": "5432",
                            "ingress.761371496.ipv6_cidr_blocks.#": "0",
                            "ingress.761371496.prefix_list_ids.#": "0",
                            "ingress.761371496.protocol": "tcp",
                            "ingress.761371496.security_groups.#": "0",
                            "ingress.761371496.self": "false",
                            "ingress.761371496.to_port": "5432",
                            "name": "my-rds-sg",
                            "owner_id": "137959540993",
                            "revoke_rules_on_delete": "false",
                            "tags.%": "0",
                            "vpc_id": "vpc-0d6792811d8264ac9"
                        },
                        "meta": {
                            "e2bfb730-ecaa-11e6-8f88-34363bc7c4c0": {
                                "create": 600000000000,
                                "delete": 600000000000
                            },
                            "schema_version": "1"
                        },
                        "tainted": false
                    },
                    "deposed": [],
                    "provider": "provider.aws"
                },
                "aws_security_group_rule.my-rds-sg-rule": {
                    "type": "aws_security_group_rule",
                    "depends_on": [
                        "aws_security_group.my-rds-sg"
                    ],
                    "primary": {
                        "id": "sgrule-2841700497",
                        "attributes": {
                            "cidr_blocks.#": "1",
                            "cidr_blocks.0": "0.0.0.0/0",
                            "description": "",
                            "from_port": "5432",
                            "id": "sgrule-2841700497",
                            "ipv6_cidr_blocks.#": "0",
                            "prefix_list_ids.#": "0",
                            "protocol": "tcp",
                            "security_group_id": "sg-0321a5548af18970c",
                            "self": "false",
                            "to_port": "5432",
                            "type": "ingress"
                        },
                        "meta": {
                            "schema_version": "2"
                        },
                        "tainted": false
                    },
                    "deposed": [],
                    "provider": "provider.aws"
                },
                "aws_security_group_rule.outbound_rule": {
                    "type": "aws_security_group_rule",
                    "depends_on": [
                        "aws_security_group.my-rds-sg"
                    ],
                    "primary": {
                        "id": "sgrule-3366680827",
                        "attributes": {
                            "cidr_blocks.#": "1",
                            "cidr_blocks.0": "0.0.0.0/0",
                            "description": "",
                            "from_port": "0",
                            "id": "sgrule-3366680827",
                            "ipv6_cidr_blocks.#": "0",
                            "prefix_list_ids.#": "0",
                            "protocol": "-1",
                            "security_group_id": "sg-0321a5548af18970c",
                            "self": "false",
                            "to_port": "0",
                            "type": "egress"
                        },
                        "meta": {
                            "schema_version": "2"
                        },
                        "tainted": false
                    },
                    "deposed": [],
                    "provider": "provider.aws"
                }
            },
            "depends_on": []
        }
    ]
}
